// !$*UTF8*$!
{
	archiveVersion = 1;
	classes = {
	};
	objectVersion = 50;
	objects = {

/* Begin PBXBuildFile section */
		09DA4B554FF6CDBB79AD39B0 /* libPods-xiaoZhang.a in Frameworks */ = {isa = PBXBuildFile; fileRef = 80AD148538692D278D7067B0 /* libPods-xiaoZhang.a */; };
		CD10316221AE46820017440A /* UINavigationController+Autorotate.m in Sources */ = {isa = PBXBuildFile; fileRef = CD10316121AE46820017440A /* UINavigationController+Autorotate.m */; };
		CD10316521AE47E50017440A /* TabBarController.m in Sources */ = {isa = PBXBuildFile; fileRef = CD10316421AE47E50017440A /* TabBarController.m */; };
		CD10316821AE487F0017440A /* BaseNaviVC.m in Sources */ = {isa = PBXBuildFile; fileRef = CD10316721AE487F0017440A /* BaseNaviVC.m */; };
		CD10318621AE65350017440A /* AdressBookVC.m in Sources */ = {isa = PBXBuildFile; fileRef = CD10318521AE65350017440A /* AdressBookVC.m */; };
		CD10318921AE65500017440A /* CourseVC.m in Sources */ = {isa = PBXBuildFile; fileRef = CD10318821AE65500017440A /* CourseVC.m */; };
		CD10319321AE66080017440A /* LoginVC.m in Sources */ = {isa = PBXBuildFile; fileRef = CD10318F21AE66080017440A /* LoginVC.m */; };
		CD10319A21AE66370017440A /* mineVC.m in Sources */ = {isa = PBXBuildFile; fileRef = CD10319921AE66370017440A /* mineVC.m */; };
		CD10319D21AE67D30017440A /* DemoVC.m in Sources */ = {isa = PBXBuildFile; fileRef = CD10319C21AE67D30017440A /* DemoVC.m */; };
		CD1031F321AEB6EA0017440A /* MBProgressHUD+PD.m in Sources */ = {isa = PBXBuildFile; fileRef = CD1031F221AEB6EA0017440A /* MBProgressHUD+PD.m */; };
		CD1031FE21AEC86C0017440A /* NetWorkTool.m in Sources */ = {isa = PBXBuildFile; fileRef = CD1031FC21AEC86B0017440A /* NetWorkTool.m */; };
		CD10320321AEC8880017440A /* UIViewController+HCCategory.m in Sources */ = {isa = PBXBuildFile; fileRef = CD1031FF21AEC8880017440A /* UIViewController+HCCategory.m */; };
		CD10320421AEC8880017440A /* NSObject+HCCategory.m in Sources */ = {isa = PBXBuildFile; fileRef = CD10320121AEC8880017440A /* NSObject+HCCategory.m */; };
		CD10320821B0042E0017440A /* ApplyPermission.m in Sources */ = {isa = PBXBuildFile; fileRef = CD10320721B0042E0017440A /* ApplyPermission.m */; };
		CD12CEA521AD65A300EFFC56 /* AppDelegate.m in Sources */ = {isa = PBXBuildFile; fileRef = CD12CEA421AD65A300EFFC56 /* AppDelegate.m */; };
		CD12CEAB21AD65A300EFFC56 /* Main.storyboard in Resources */ = {isa = PBXBuildFile; fileRef = CD12CEA921AD65A300EFFC56 /* Main.storyboard */; };
		CD12CEAD21AD65A900EFFC56 /* Assets.xcassets in Resources */ = {isa = PBXBuildFile; fileRef = CD12CEAC21AD65A900EFFC56 /* Assets.xcassets */; };
		CD12CEB021AD65A900EFFC56 /* LaunchScreen.storyboard in Resources */ = {isa = PBXBuildFile; fileRef = CD12CEAE21AD65A900EFFC56 /* LaunchScreen.storyboard */; };
		CD12CEB321AD65A900EFFC56 /* main.m in Sources */ = {isa = PBXBuildFile; fileRef = CD12CEB221AD65A900EFFC56 /* main.m */; };
		CD12CEBD21AD65A900EFFC56 /* xiaoZhangTests.m in Sources */ = {isa = PBXBuildFile; fileRef = CD12CEBC21AD65A900EFFC56 /* xiaoZhangTests.m */; };
		CD12CEC821AD65AA00EFFC56 /* xiaoZhangUITests.m in Sources */ = {isa = PBXBuildFile; fileRef = CD12CEC721AD65AA00EFFC56 /* xiaoZhangUITests.m */; };
		CD12CED821AD6B5000EFFC56 /* JHGridView.m in Sources */ = {isa = PBXBuildFile; fileRef = CD12CED721AD6B5000EFFC56 /* JHGridView.m */; };
		CD12CEDE21AD700F00EFFC56 /* UserStorage.m in Sources */ = {isa = PBXBuildFile; fileRef = CD12CEDD21AD700F00EFFC56 /* UserStorage.m */; };
		CD12CEE321AD7EA600EFFC56 /* BaseVC.m in Sources */ = {isa = PBXBuildFile; fileRef = CD12CEE221AD7EA600EFFC56 /* BaseVC.m */; };
		CD13631E21B2673500754B0E /* HomeFormView.m in Sources */ = {isa = PBXBuildFile; fileRef = CD13631D21B2673500754B0E /* HomeFormView.m */; };
		CD13632021B2676900754B0E /* HomeFormView.xib in Resources */ = {isa = PBXBuildFile; fileRef = CD13631F21B2676900754B0E /* HomeFormView.xib */; };
		CD13638421B2B89100754B0E /* HomeVC.m in Sources */ = {isa = PBXBuildFile; fileRef = CD13638221B2B89100754B0E /* HomeVC.m */; };
		CD13638821B2D79A00754B0E /* AddressBookUtils.m in Sources */ = {isa = PBXBuildFile; fileRef = CD13638721B2D79A00754B0E /* AddressBookUtils.m */; };
/* End PBXBuildFile section */

/* Begin PBXContainerItemProxy section */
		CD12CEB921AD65A900EFFC56 /* PBXContainerItemProxy */ = {
			isa = PBXContainerItemProxy;
			containerPortal = CD12CE9821AD65A300EFFC56 /* Project object */;
			proxyType = 1;
			remoteGlobalIDString = CD12CE9F21AD65A300EFFC56;
			remoteInfo = xiaoZhang;
		};
		CD12CEC421AD65AA00EFFC56 /* PBXContainerItemProxy */ = {
			isa = PBXContainerItemProxy;
			containerPortal = CD12CE9821AD65A300EFFC56 /* Project object */;
			proxyType = 1;
			remoteGlobalIDString = CD12CE9F21AD65A300EFFC56;
			remoteInfo = xiaoZhang;
		};
/* End PBXContainerItemProxy section */

/* Begin PBXFileReference section */
		80AD148538692D278D7067B0 /* libPods-xiaoZhang.a */ = {isa = PBXFileReference; explicitFileType = archive.ar; includeInIndex = 0; path = "libPods-xiaoZhang.a"; sourceTree = BUILT_PRODUCTS_DIR; };
		9851A7A6BF6236B94E51B883 /* Pods-xiaoZhang.debug.xcconfig */ = {isa = PBXFileReference; includeInIndex = 1; lastKnownFileType = text.xcconfig; name = "Pods-xiaoZhang.debug.xcconfig"; path = "Pods/Target Support Files/Pods-xiaoZhang/Pods-xiaoZhang.debug.xcconfig"; sourceTree = "<group>"; };
		CD10316021AE46820017440A /* UINavigationController+Autorotate.h */ = {isa = PBXFileReference; lastKnownFileType = sourcecode.c.h; path = "UINavigationController+Autorotate.h"; sourceTree = "<group>"; };
		CD10316121AE46820017440A /* UINavigationController+Autorotate.m */ = {isa = PBXFileReference; lastKnownFileType = sourcecode.c.objc; path = "UINavigationController+Autorotate.m"; sourceTree = "<group>"; };
		CD10316321AE47E50017440A /* TabBarController.h */ = {isa = PBXFileReference; lastKnownFileType = sourcecode.c.h; path = TabBarController.h; sourceTree = "<group>"; };
		CD10316421AE47E50017440A /* TabBarController.m */ = {isa = PBXFileReference; lastKnownFileType = sourcecode.c.objc; path = TabBarController.m; sourceTree = "<group>"; };
		CD10316621AE487F0017440A /* BaseNaviVC.h */ = {isa = PBXFileReference; lastKnownFileType = sourcecode.c.h; path = BaseNaviVC.h; sourceTree = "<group>"; };
		CD10316721AE487F0017440A /* BaseNaviVC.m */ = {isa = PBXFileReference; lastKnownFileType = sourcecode.c.objc; path = BaseNaviVC.m; sourceTree = "<group>"; };
		CD10318421AE65350017440A /* AdressBookVC.h */ = {isa = PBXFileReference; lastKnownFileType = sourcecode.c.h; path = AdressBookVC.h; sourceTree = "<group>"; };
		CD10318521AE65350017440A /* AdressBookVC.m */ = {isa = PBXFileReference; lastKnownFileType = sourcecode.c.objc; path = AdressBookVC.m; sourceTree = "<group>"; };
		CD10318721AE65500017440A /* CourseVC.h */ = {isa = PBXFileReference; lastKnownFileType = sourcecode.c.h; path = CourseVC.h; sourceTree = "<group>"; };
		CD10318821AE65500017440A /* CourseVC.m */ = {isa = PBXFileReference; lastKnownFileType = sourcecode.c.objc; path = CourseVC.m; sourceTree = "<group>"; };
		CD10318F21AE66080017440A /* LoginVC.m */ = {isa = PBXFileReference; fileEncoding = 4; lastKnownFileType = sourcecode.c.objc; path = LoginVC.m; sourceTree = "<group>"; };
		CD10319021AE66080017440A /* LoginVC.h */ = {isa = PBXFileReference; fileEncoding = 4; lastKnownFileType = sourcecode.c.h; path = LoginVC.h; sourceTree = "<group>"; };
		CD10319821AE66370017440A /* mineVC.h */ = {isa = PBXFileReference; lastKnownFileType = sourcecode.c.h; path = mineVC.h; sourceTree = "<group>"; };
		CD10319921AE66370017440A /* mineVC.m */ = {isa = PBXFileReference; lastKnownFileType = sourcecode.c.objc; path = mineVC.m; sourceTree = "<group>"; };
		CD10319B21AE67D30017440A /* DemoVC.h */ = {isa = PBXFileReference; lastKnownFileType = sourcecode.c.h; path = DemoVC.h; sourceTree = "<group>"; };
		CD10319C21AE67D30017440A /* DemoVC.m */ = {isa = PBXFileReference; lastKnownFileType = sourcecode.c.objc; path = DemoVC.m; sourceTree = "<group>"; };
		CD10319E21AE70460017440A /* Constant.h */ = {isa = PBXFileReference; lastKnownFileType = sourcecode.c.h; path = Constant.h; sourceTree = "<group>"; };
		CD10319F21AE71390017440A /* ToolMacro.h */ = {isa = PBXFileReference; lastKnownFileType = sourcecode.c.h; path = ToolMacro.h; sourceTree = "<group>"; };
		CD1031F121AEB6EA0017440A /* MBProgressHUD+PD.h */ = {isa = PBXFileReference; lastKnownFileType = sourcecode.c.h; path = "MBProgressHUD+PD.h"; sourceTree = "<group>"; };
		CD1031F221AEB6EA0017440A /* MBProgressHUD+PD.m */ = {isa = PBXFileReference; lastKnownFileType = sourcecode.c.objc; path = "MBProgressHUD+PD.m"; sourceTree = "<group>"; };
		CD1031FC21AEC86B0017440A /* NetWorkTool.m */ = {isa = PBXFileReference; fileEncoding = 4; lastKnownFileType = sourcecode.c.objc; path = NetWorkTool.m; sourceTree = "<group>"; };
		CD1031FD21AEC86C0017440A /* NetWorkTool.h */ = {isa = PBXFileReference; fileEncoding = 4; lastKnownFileType = sourcecode.c.h; path = NetWorkTool.h; sourceTree = "<group>"; };
		CD1031FF21AEC8880017440A /* UIViewController+HCCategory.m */ = {isa = PBXFileReference; fileEncoding = 4; lastKnownFileType = sourcecode.c.objc; path = "UIViewController+HCCategory.m"; sourceTree = "<group>"; };
		CD10320021AEC8880017440A /* NSObject+HCCategory.h */ = {isa = PBXFileReference; fileEncoding = 4; lastKnownFileType = sourcecode.c.h; path = "NSObject+HCCategory.h"; sourceTree = "<group>"; };
		CD10320121AEC8880017440A /* NSObject+HCCategory.m */ = {isa = PBXFileReference; fileEncoding = 4; lastKnownFileType = sourcecode.c.objc; path = "NSObject+HCCategory.m"; sourceTree = "<group>"; };
		CD10320221AEC8880017440A /* UIViewController+HCCategory.h */ = {isa = PBXFileReference; fileEncoding = 4; lastKnownFileType = sourcecode.c.h; path = "UIViewController+HCCategory.h"; sourceTree = "<group>"; };
		CD10320521AED4D90017440A /* LoginApi.h */ = {isa = PBXFileReference; lastKnownFileType = sourcecode.c.h; path = LoginApi.h; sourceTree = "<group>"; };
		CD10320621B0042E0017440A /* ApplyPermission.h */ = {isa = PBXFileReference; lastKnownFileType = sourcecode.c.h; path = ApplyPermission.h; sourceTree = "<group>"; };
		CD10320721B0042E0017440A /* ApplyPermission.m */ = {isa = PBXFileReference; lastKnownFileType = sourcecode.c.objc; path = ApplyPermission.m; sourceTree = "<group>"; };
		CD12CEA021AD65A300EFFC56 /* xiaoZhang.app */ = {isa = PBXFileReference; explicitFileType = wrapper.application; includeInIndex = 0; path = xiaoZhang.app; sourceTree = BUILT_PRODUCTS_DIR; };
		CD12CEA321AD65A300EFFC56 /* AppDelegate.h */ = {isa = PBXFileReference; lastKnownFileType = sourcecode.c.h; path = AppDelegate.h; sourceTree = "<group>"; };
		CD12CEA421AD65A300EFFC56 /* AppDelegate.m */ = {isa = PBXFileReference; lastKnownFileType = sourcecode.c.objc; path = AppDelegate.m; sourceTree = "<group>"; };
		CD12CEAA21AD65A300EFFC56 /* Base */ = {isa = PBXFileReference; lastKnownFileType = file.storyboard; name = Base; path = Base.lproj/Main.storyboard; sourceTree = "<group>"; };
		CD12CEAC21AD65A900EFFC56 /* Assets.xcassets */ = {isa = PBXFileReference; lastKnownFileType = folder.assetcatalog; path = Assets.xcassets; sourceTree = "<group>"; };
		CD12CEAF21AD65A900EFFC56 /* Base */ = {isa = PBXFileReference; lastKnownFileType = file.storyboard; name = Base; path = Base.lproj/LaunchScreen.storyboard; sourceTree = "<group>"; };
		CD12CEB121AD65A900EFFC56 /* Info.plist */ = {isa = PBXFileReference; lastKnownFileType = text.plist.xml; path = Info.plist; sourceTree = "<group>"; };
		CD12CEB221AD65A900EFFC56 /* main.m */ = {isa = PBXFileReference; lastKnownFileType = sourcecode.c.objc; path = main.m; sourceTree = "<group>"; };
		CD12CEB821AD65A900EFFC56 /* xiaoZhangTests.xctest */ = {isa = PBXFileReference; explicitFileType = wrapper.cfbundle; includeInIndex = 0; path = xiaoZhangTests.xctest; sourceTree = BUILT_PRODUCTS_DIR; };
		CD12CEBC21AD65A900EFFC56 /* xiaoZhangTests.m */ = {isa = PBXFileReference; lastKnownFileType = sourcecode.c.objc; path = xiaoZhangTests.m; sourceTree = "<group>"; };
		CD12CEBE21AD65A900EFFC56 /* Info.plist */ = {isa = PBXFileReference; lastKnownFileType = text.plist.xml; path = Info.plist; sourceTree = "<group>"; };
		CD12CEC321AD65AA00EFFC56 /* xiaoZhangUITests.xctest */ = {isa = PBXFileReference; explicitFileType = wrapper.cfbundle; includeInIndex = 0; path = xiaoZhangUITests.xctest; sourceTree = BUILT_PRODUCTS_DIR; };
		CD12CEC721AD65AA00EFFC56 /* xiaoZhangUITests.m */ = {isa = PBXFileReference; lastKnownFileType = sourcecode.c.objc; path = xiaoZhangUITests.m; sourceTree = "<group>"; };
		CD12CEC921AD65AA00EFFC56 /* Info.plist */ = {isa = PBXFileReference; lastKnownFileType = text.plist.xml; path = Info.plist; sourceTree = "<group>"; };
		CD12CED621AD6B5000EFFC56 /* JHGridView.h */ = {isa = PBXFileReference; fileEncoding = 4; lastKnownFileType = sourcecode.c.h; path = JHGridView.h; sourceTree = "<group>"; };
		CD12CED721AD6B5000EFFC56 /* JHGridView.m */ = {isa = PBXFileReference; fileEncoding = 4; lastKnownFileType = sourcecode.c.objc; path = JHGridView.m; sourceTree = "<group>"; };
		CD12CEDA21AD6E0A00EFFC56 /* PrefixHeader.pch */ = {isa = PBXFileReference; lastKnownFileType = sourcecode.c.h; path = PrefixHeader.pch; sourceTree = "<group>"; };
		CD12CEDC21AD700F00EFFC56 /* UserStorage.h */ = {isa = PBXFileReference; lastKnownFileType = sourcecode.c.h; path = UserStorage.h; sourceTree = "<group>"; };
		CD12CEDD21AD700F00EFFC56 /* UserStorage.m */ = {isa = PBXFileReference; lastKnownFileType = sourcecode.c.objc; path = UserStorage.m; sourceTree = "<group>"; };
		CD12CEE121AD7EA600EFFC56 /* BaseVC.h */ = {isa = PBXFileReference; lastKnownFileType = sourcecode.c.h; path = BaseVC.h; sourceTree = "<group>"; };
		CD12CEE221AD7EA600EFFC56 /* BaseVC.m */ = {isa = PBXFileReference; lastKnownFileType = sourcecode.c.objc; path = BaseVC.m; sourceTree = "<group>"; };
		CD13631C21B2673500754B0E /* HomeFormView.h */ = {isa = PBXFileReference; lastKnownFileType = sourcecode.c.h; path = HomeFormView.h; sourceTree = "<group>"; };
		CD13631D21B2673500754B0E /* HomeFormView.m */ = {isa = PBXFileReference; lastKnownFileType = sourcecode.c.objc; path = HomeFormView.m; sourceTree = "<group>"; };
		CD13631F21B2676900754B0E /* HomeFormView.xib */ = {isa = PBXFileReference; lastKnownFileType = file.xib; path = HomeFormView.xib; sourceTree = "<group>"; };
		CD13638121B2B89100754B0E /* HomeVC.h */ = {isa = PBXFileReference; lastKnownFileType = sourcecode.c.h; path = HomeVC.h; sourceTree = "<group>"; };
		CD13638221B2B89100754B0E /* HomeVC.m */ = {isa = PBXFileReference; lastKnownFileType = sourcecode.c.objc; path = HomeVC.m; sourceTree = "<group>"; };
		CD13638621B2D79A00754B0E /* AddressBookUtils.h */ = {isa = PBXFileReference; lastKnownFileType = sourcecode.c.h; path = AddressBookUtils.h; sourceTree = "<group>"; };
		CD13638721B2D79A00754B0E /* AddressBookUtils.m */ = {isa = PBXFileReference; lastKnownFileType = sourcecode.c.objc; path = AddressBookUtils.m; sourceTree = "<group>"; };
		E9DBF2627960920BBC44DAB3 /* Pods-xiaoZhang.release.xcconfig */ = {isa = PBXFileReference; includeInIndex = 1; lastKnownFileType = text.xcconfig; name = "Pods-xiaoZhang.release.xcconfig"; path = "Pods/Target Support Files/Pods-xiaoZhang/Pods-xiaoZhang.release.xcconfig"; sourceTree = "<group>"; };
/* End PBXFileReference section */

/* Begin PBXFrameworksBuildPhase section */
		CD12CE9D21AD65A300EFFC56 /* Frameworks */ = {
			isa = PBXFrameworksBuildPhase;
			buildActionMask = 2147483647;
			files = (
				09DA4B554FF6CDBB79AD39B0 /* libPods-xiaoZhang.a in Frameworks */,
			);
			runOnlyForDeploymentPostprocessing = 0;
		};
		CD12CEB521AD65A900EFFC56 /* Frameworks */ = {
			isa = PBXFrameworksBuildPhase;
			buildActionMask = 2147483647;
			files = (
			);
			runOnlyForDeploymentPostprocessing = 0;
		};
		CD12CEC021AD65AA00EFFC56 /* Frameworks */ = {
			isa = PBXFrameworksBuildPhase;
			buildActionMask = 2147483647;
			files = (
			);
			runOnlyForDeploymentPostprocessing = 0;
		};
/* End PBXFrameworksBuildPhase section */

/* Begin PBXGroup section */
		3269EC6602FAB22A317A6CF9 /* Pods */ = {
			isa = PBXGroup;
			children = (
				9851A7A6BF6236B94E51B883 /* Pods-xiaoZhang.debug.xcconfig */,
				E9DBF2627960920BBC44DAB3 /* Pods-xiaoZhang.release.xcconfig */,
			);
			name = Pods;
			sourceTree = "<group>";
		};
		4E82BA052C22D05FCDF23A63 /* Frameworks */ = {
			isa = PBXGroup;
			children = (
				80AD148538692D278D7067B0 /* libPods-xiaoZhang.a */,
			);
			name = Frameworks;
			sourceTree = "<group>";
		};
		CD10316D21AE62170017440A /* home */ = {
			isa = PBXGroup;
			children = (
				CD10316E21AE62170017440A /* vc */,
				CD10316F21AE62170017440A /* model */,
				CD10317021AE62170017440A /* view */,
			);
			path = home;
			sourceTree = "<group>";
		};
		CD10316E21AE62170017440A /* vc */ = {
			isa = PBXGroup;
			children = (
				CD10319B21AE67D30017440A /* DemoVC.h */,
				CD10319C21AE67D30017440A /* DemoVC.m */,
				CD13638121B2B89100754B0E /* HomeVC.h */,
				CD13638221B2B89100754B0E /* HomeVC.m */,
			);
			path = vc;
			sourceTree = "<group>";
		};
		CD10316F21AE62170017440A /* model */ = {
			isa = PBXGroup;
			children = (
			);
			path = model;
			sourceTree = "<group>";
		};
		CD10317021AE62170017440A /* view */ = {
			isa = PBXGroup;
			children = (
				CD13631C21B2673500754B0E /* HomeFormView.h */,
				CD13631D21B2673500754B0E /* HomeFormView.m */,
				CD13631F21B2676900754B0E /* HomeFormView.xib */,
			);
			path = view;
			sourceTree = "<group>";
		};
		CD10317221AE62170017440A /* mine */ = {
			isa = PBXGroup;
			children = (
				CD10319621AE66230017440A /* model */,
				CD10319721AE66230017440A /* vc */,
				CD10319521AE66230017440A /* view */,
			);
			path = mine;
			sourceTree = "<group>";
		};
		CD10317921AE62170017440A /*  addressBook */ = {
			isa = PBXGroup;
			children = (
				CD10317A21AE62170017440A /* vc */,
				CD10317B21AE62170017440A /* model */,
				CD10317C21AE62170017440A /* view */,
			);
			path = " addressBook";
			sourceTree = "<group>";
		};
		CD10317A21AE62170017440A /* vc */ = {
			isa = PBXGroup;
			children = (
				CD10318421AE65350017440A /* AdressBookVC.h */,
				CD10318521AE65350017440A /* AdressBookVC.m */,
			);
			path = vc;
			sourceTree = "<group>";
		};
		CD10317B21AE62170017440A /* model */ = {
			isa = PBXGroup;
			children = (
			);
			path = model;
			sourceTree = "<group>";
		};
		CD10317C21AE62170017440A /* view */ = {
			isa = PBXGroup;
			children = (
			);
			path = view;
			sourceTree = "<group>";
		};
		CD10317E21AE62170017440A /* course */ = {
			isa = PBXGroup;
			children = (
				CD10317F21AE62170017440A /* vc */,
				CD10318021AE62170017440A /* model */,
				CD10318121AE62170017440A /* view */,
			);
			path = course;
			sourceTree = "<group>";
		};
		CD10317F21AE62170017440A /* vc */ = {
			isa = PBXGroup;
			children = (
				CD10318721AE65500017440A /* CourseVC.h */,
				CD10318821AE65500017440A /* CourseVC.m */,
			);
			path = vc;
			sourceTree = "<group>";
		};
		CD10318021AE62170017440A /* model */ = {
			isa = PBXGroup;
			children = (
			);
			path = model;
			sourceTree = "<group>";
		};
		CD10318121AE62170017440A /* view */ = {
			isa = PBXGroup;
			children = (
			);
			path = view;
			sourceTree = "<group>";
		};
		CD10318D21AE66080017440A /* view */ = {
			isa = PBXGroup;
			children = (
			);
			path = view;
			sourceTree = "<group>";
		};
		CD10318E21AE66080017440A /* vc */ = {
			isa = PBXGroup;
			children = (
				CD10318F21AE66080017440A /* LoginVC.m */,
				CD10319021AE66080017440A /* LoginVC.h */,
			);
			path = vc;
			sourceTree = "<group>";
		};
		CD10319221AE66080017440A /* model */ = {
			isa = PBXGroup;
			children = (
			);
			path = model;
			sourceTree = "<group>";
		};
		CD10319521AE66230017440A /* view */ = {
			isa = PBXGroup;
			children = (
			);
			path = view;
			sourceTree = "<group>";
		};
		CD10319621AE66230017440A /* model */ = {
			isa = PBXGroup;
			children = (
			);
			path = model;
			sourceTree = "<group>";
		};
		CD10319721AE66230017440A /* vc */ = {
			isa = PBXGroup;
			children = (
				CD10319821AE66370017440A /* mineVC.h */,
				CD10319921AE66370017440A /* mineVC.m */,
			);
			path = vc;
			sourceTree = "<group>";
		};
		CD1031A021AE83E00017440A /*  libraries */ = {
			isa = PBXGroup;
			children = (
				CD12CED521AD6B5000EFFC56 /* JHGridView */,
			);
			path = " libraries";
			sourceTree = "<group>";
		};
		CD12CE9721AD65A300EFFC56 = {
			isa = PBXGroup;
			children = (
				CD1031A021AE83E00017440A /*  libraries */,
				CD12CEDB21AD6F7800EFFC56 /* base */,
				CD12CED921AD6DCA00EFFC56 /* configuration */,
				CD12CEA221AD65A300EFFC56 /* xiaoZhang */,
				CD12CEBB21AD65A900EFFC56 /* xiaoZhangTests */,
				CD12CEC621AD65AA00EFFC56 /* xiaoZhangUITests */,
				CD12CEA121AD65A300EFFC56 /* Products */,
				3269EC6602FAB22A317A6CF9 /* Pods */,
				4E82BA052C22D05FCDF23A63 /* Frameworks */,
			);
			sourceTree = "<group>";
		};
		CD12CEA121AD65A300EFFC56 /* Products */ = {
			isa = PBXGroup;
			children = (
				CD12CEA021AD65A300EFFC56 /* xiaoZhang.app */,
				CD12CEB821AD65A900EFFC56 /* xiaoZhangTests.xctest */,
				CD12CEC321AD65AA00EFFC56 /* xiaoZhangUITests.xctest */,
			);
			name = Products;
			sourceTree = "<group>";
		};
		CD12CEA221AD65A300EFFC56 /* xiaoZhang */ = {
			isa = PBXGroup;
			children = (
				CD10317921AE62170017440A /*  addressBook */,
				CD10317E21AE62170017440A /* course */,
				CD10316D21AE62170017440A /* home */,
				CD10317221AE62170017440A /* mine */,
				CD12CEE021AD7E6F00EFFC56 /* login */,
				CD12CEA321AD65A300EFFC56 /* AppDelegate.h */,
				CD12CEA421AD65A300EFFC56 /* AppDelegate.m */,
				CD10316321AE47E50017440A /* TabBarController.h */,
				CD10316421AE47E50017440A /* TabBarController.m */,
			);
			path = xiaoZhang;
			sourceTree = "<group>";
		};
		CD12CEBB21AD65A900EFFC56 /* xiaoZhangTests */ = {
			isa = PBXGroup;
			children = (
				CD12CEBC21AD65A900EFFC56 /* xiaoZhangTests.m */,
				CD12CEBE21AD65A900EFFC56 /* Info.plist */,
			);
			path = xiaoZhangTests;
			sourceTree = "<group>";
		};
		CD12CEC621AD65AA00EFFC56 /* xiaoZhangUITests */ = {
			isa = PBXGroup;
			children = (
				CD12CEC721AD65AA00EFFC56 /* xiaoZhangUITests.m */,
				CD12CEC921AD65AA00EFFC56 /* Info.plist */,
			);
			path = xiaoZhangUITests;
			sourceTree = "<group>";
		};
		CD12CED521AD6B5000EFFC56 /* JHGridView */ = {
			isa = PBXGroup;
			children = (
				CD12CED621AD6B5000EFFC56 /* JHGridView.h */,
				CD12CED721AD6B5000EFFC56 /* JHGridView.m */,
			);
			path = JHGridView;
			sourceTree = "<group>";
		};
		CD12CED921AD6DCA00EFFC56 /* configuration */ = {
			isa = PBXGroup;
			children = (
				CD12CEB121AD65A900EFFC56 /* Info.plist */,
				CD12CEDA21AD6E0A00EFFC56 /* PrefixHeader.pch */,
				CD12CEA921AD65A300EFFC56 /* Main.storyboard */,
				CD12CEAC21AD65A900EFFC56 /* Assets.xcassets */,
				CD12CEAE21AD65A900EFFC56 /* LaunchScreen.storyboard */,
				CD12CEB221AD65A900EFFC56 /* main.m */,
				CD10319E21AE70460017440A /* Constant.h */,
				CD10319F21AE71390017440A /* ToolMacro.h */,
			);
			path = configuration;
			sourceTree = "<group>";
		};
		CD12CEDB21AD6F7800EFFC56 /* base */ = {
			isa = PBXGroup;
			children = (
				CD12CEE821AD7F4700EFFC56 /* utils */,
				CD12CEE721AD7F0700EFFC56 /* category */,
				CD12CEDF21AD7C3100EFFC56 /* netTool */,
				CD12CEDD21AD700F00EFFC56 /* UserStorage.m */,
				CD12CEDC21AD700F00EFFC56 /* UserStorage.h */,
				CD12CEE121AD7EA600EFFC56 /* BaseVC.h */,
				CD12CEE221AD7EA600EFFC56 /* BaseVC.m */,
				CD10316621AE487F0017440A /* BaseNaviVC.h */,
				CD10316721AE487F0017440A /* BaseNaviVC.m */,
			);
			path = base;
			sourceTree = "<group>";
		};
		CD12CEDF21AD7C3100EFFC56 /* netTool */ = {
			isa = PBXGroup;
			children = (
				CD1031FD21AEC86C0017440A /* NetWorkTool.h */,
				CD1031FC21AEC86B0017440A /* NetWorkTool.m */,
			);
			path = netTool;
			sourceTree = "<group>";
		};
		CD12CEE021AD7E6F00EFFC56 /* login */ = {
			isa = PBXGroup;
			children = (
				CD10320521AED4D90017440A /* LoginApi.h */,
				CD10319221AE66080017440A /* model */,
				CD10318E21AE66080017440A /* vc */,
				CD10318D21AE66080017440A /* view */,
			);
			path = login;
			sourceTree = "<group>";
		};
		CD12CEE721AD7F0700EFFC56 /* category */ = {
			isa = PBXGroup;
			children = (
				CD10320021AEC8880017440A /* NSObject+HCCategory.h */,
				CD10320121AEC8880017440A /* NSObject+HCCategory.m */,
				CD10320221AEC8880017440A /* UIViewController+HCCategory.h */,
				CD1031FF21AEC8880017440A /* UIViewController+HCCategory.m */,
				CD10316021AE46820017440A /* UINavigationController+Autorotate.h */,
				CD10316121AE46820017440A /* UINavigationController+Autorotate.m */,
				CD1031F121AEB6EA0017440A /* MBProgressHUD+PD.h */,
				CD1031F221AEB6EA0017440A /* MBProgressHUD+PD.m */,
			);
			path = category;
			sourceTree = "<group>";
		};
		CD12CEE821AD7F4700EFFC56 /* utils */ = {
			isa = PBXGroup;
			children = (
				CD10320621B0042E0017440A /* ApplyPermission.h */,
				CD10320721B0042E0017440A /* ApplyPermission.m */,
				CD13638621B2D79A00754B0E /* AddressBookUtils.h */,
				CD13638721B2D79A00754B0E /* AddressBookUtils.m */,
			);
			path = utils;
			sourceTree = "<group>";
		};
/* End PBXGroup section */

/* Begin PBXNativeTarget section */
		CD12CE9F21AD65A300EFFC56 /* xiaoZhang */ = {
			isa = PBXNativeTarget;
			buildConfigurationList = CD12CECC21AD65AA00EFFC56 /* Build configuration list for PBXNativeTarget "xiaoZhang" */;
			buildPhases = (
				18BD6D425A835711C82368E1 /* [CP] Check Pods Manifest.lock */,
				CD12CE9C21AD65A300EFFC56 /* Sources */,
				CD12CE9D21AD65A300EFFC56 /* Frameworks */,
				CD12CE9E21AD65A300EFFC56 /* Resources */,
				454C3629AD7E37718E4BE05E /* [CP] Copy Pods Resources */,
			);
			buildRules = (
			);
			dependencies = (
			);
			name = xiaoZhang;
			productName = xiaoZhang;
			productReference = CD12CEA021AD65A300EFFC56 /* xiaoZhang.app */;
			productType = "com.apple.product-type.application";
		};
		CD12CEB721AD65A900EFFC56 /* xiaoZhangTests */ = {
			isa = PBXNativeTarget;
			buildConfigurationList = CD12CECF21AD65AA00EFFC56 /* Build configuration list for PBXNativeTarget "xiaoZhangTests" */;
			buildPhases = (
				CD12CEB421AD65A900EFFC56 /* Sources */,
				CD12CEB521AD65A900EFFC56 /* Frameworks */,
				CD12CEB621AD65A900EFFC56 /* Resources */,
			);
			buildRules = (
			);
			dependencies = (
				CD12CEBA21AD65A900EFFC56 /* PBXTargetDependency */,
			);
			name = xiaoZhangTests;
			productName = xiaoZhangTests;
			productReference = CD12CEB821AD65A900EFFC56 /* xiaoZhangTests.xctest */;
			productType = "com.apple.product-type.bundle.unit-test";
		};
		CD12CEC221AD65AA00EFFC56 /* xiaoZhangUITests */ = {
			isa = PBXNativeTarget;
			buildConfigurationList = CD12CED221AD65AA00EFFC56 /* Build configuration list for PBXNativeTarget "xiaoZhangUITests" */;
			buildPhases = (
				CD12CEBF21AD65AA00EFFC56 /* Sources */,
				CD12CEC021AD65AA00EFFC56 /* Frameworks */,
				CD12CEC121AD65AA00EFFC56 /* Resources */,
			);
			buildRules = (
			);
			dependencies = (
				CD12CEC521AD65AA00EFFC56 /* PBXTargetDependency */,
			);
			name = xiaoZhangUITests;
			productName = xiaoZhangUITests;
			productReference = CD12CEC321AD65AA00EFFC56 /* xiaoZhangUITests.xctest */;
			productType = "com.apple.product-type.bundle.ui-testing";
		};
/* End PBXNativeTarget section */

/* Begin PBXProject section */
		CD12CE9821AD65A300EFFC56 /* Project object */ = {
			isa = PBXProject;
			attributes = {
				LastUpgradeCheck = 1010;
				ORGANIZATIONNAME = "胡胡超";
				TargetAttributes = {
					CD12CE9F21AD65A300EFFC56 = {
						CreatedOnToolsVersion = 10.1;
					};
					CD12CEB721AD65A900EFFC56 = {
						CreatedOnToolsVersion = 10.1;
						TestTargetID = CD12CE9F21AD65A300EFFC56;
					};
					CD12CEC221AD65AA00EFFC56 = {
						CreatedOnToolsVersion = 10.1;
						TestTargetID = CD12CE9F21AD65A300EFFC56;
					};
				};
			};
			buildConfigurationList = CD12CE9B21AD65A300EFFC56 /* Build configuration list for PBXProject "xiaoZhang" */;
			compatibilityVersion = "Xcode 9.3";
			developmentRegion = en;
			hasScannedForEncodings = 0;
			knownRegions = (
				en,
				Base,
			);
			mainGroup = CD12CE9721AD65A300EFFC56;
			productRefGroup = CD12CEA121AD65A300EFFC56 /* Products */;
			projectDirPath = "";
			projectRoot = "";
			targets = (
				CD12CE9F21AD65A300EFFC56 /* xiaoZhang */,
				CD12CEB721AD65A900EFFC56 /* xiaoZhangTests */,
				CD12CEC221AD65AA00EFFC56 /* xiaoZhangUITests */,
			);
		};
/* End PBXProject section */

/* Begin PBXResourcesBuildPhase section */
		CD12CE9E21AD65A300EFFC56 /* Resources */ = {
			isa = PBXResourcesBuildPhase;
			buildActionMask = 2147483647;
			files = (
				CD12CEB021AD65A900EFFC56 /* LaunchScreen.storyboard in Resources */,
				CD13632021B2676900754B0E /* HomeFormView.xib in Resources */,
				CD12CEAD21AD65A900EFFC56 /* Assets.xcassets in Resources */,
				CD12CEAB21AD65A300EFFC56 /* Main.storyboard in Resources */,
			);
			runOnlyForDeploymentPostprocessing = 0;
		};
		CD12CEB621AD65A900EFFC56 /* Resources */ = {
			isa = PBXResourcesBuildPhase;
			buildActionMask = 2147483647;
			files = (
			);
			runOnlyForDeploymentPostprocessing = 0;
		};
		CD12CEC121AD65AA00EFFC56 /* Resources */ = {
			isa = PBXResourcesBuildPhase;
			buildActionMask = 2147483647;
			files = (
			);
			runOnlyForDeploymentPostprocessing = 0;
		};
/* End PBXResourcesBuildPhase section */

/* Begin PBXShellScriptBuildPhase section */
		18BD6D425A835711C82368E1 /* [CP] Check Pods Manifest.lock */ = {
			isa = PBXShellScriptBuildPhase;
			buildActionMask = 2147483647;
			files = (
			);
			inputFileListPaths = (
			);
			inputPaths = (
				"${PODS_PODFILE_DIR_PATH}/Podfile.lock",
				"${PODS_ROOT}/Manifest.lock",
			);
			name = "[CP] Check Pods Manifest.lock";
			outputFileListPaths = (
			);
			outputPaths = (
				"$(DERIVED_FILE_DIR)/Pods-xiaoZhang-checkManifestLockResult.txt",
			);
			runOnlyForDeploymentPostprocessing = 0;
			shellPath = /bin/sh;
			shellScript = "diff \"${PODS_PODFILE_DIR_PATH}/Podfile.lock\" \"${PODS_ROOT}/Manifest.lock\" > /dev/null\nif [ $? != 0 ] ; then\n    # print error to STDERR\n    echo \"error: The sandbox is not in sync with the Podfile.lock. Run 'pod install' or update your CocoaPods installation.\" >&2\n    exit 1\nfi\n# This output is used by Xcode 'outputs' to avoid re-running this script phase.\necho \"SUCCESS\" > \"${SCRIPT_OUTPUT_FILE_0}\"\n";
			showEnvVarsInLog = 0;
		};
		454C3629AD7E37718E4BE05E /* [CP] Copy Pods Resources */ = {
			isa = PBXShellScriptBuildPhase;
			buildActionMask = 2147483647;
			files = (
			);
			inputFileListPaths = (
			);
			inputPaths = (
				"${SRCROOT}/Pods/Target Support Files/Pods-xiaoZhang/Pods-xiaoZhang-resources.sh",
				"${PODS_CONFIGURATION_BUILD_DIR}/AAChartKit/AAChartKitLib.bundle",
				"${PODS_ROOT}/GKNavigationController/GKNavigationController/Resource",
			);
			name = "[CP] Copy Pods Resources";
			outputFileListPaths = (
			);
			outputPaths = (
				"${TARGET_BUILD_DIR}/${UNLOCALIZED_RESOURCES_FOLDER_PATH}/AAChartKitLib.bundle",
				"${TARGET_BUILD_DIR}/${UNLOCALIZED_RESOURCES_FOLDER_PATH}/Resource",
			);
			runOnlyForDeploymentPostprocessing = 0;
			shellPath = /bin/sh;
			shellScript = "\"${SRCROOT}/Pods/Target Support Files/Pods-xiaoZhang/Pods-xiaoZhang-resources.sh\"\n";
			showEnvVarsInLog = 0;
		};
/* End PBXShellScriptBuildPhase section */

/* Begin PBXSourcesBuildPhase section */
		CD12CE9C21AD65A300EFFC56 /* Sources */ = {
			isa = PBXSourcesBuildPhase;
			buildActionMask = 2147483647;
			files = (
				CD12CEB321AD65A900EFFC56 /* main.m in Sources */,
				CD12CEDE21AD700F00EFFC56 /* UserStorage.m in Sources */,
				CD10319321AE66080017440A /* LoginVC.m in Sources */,
				CD10316521AE47E50017440A /* TabBarController.m in Sources */,
				CD10320821B0042E0017440A /* ApplyPermission.m in Sources */,
				CD10318621AE65350017440A /* AdressBookVC.m in Sources */,
				CD1031FE21AEC86C0017440A /* NetWorkTool.m in Sources */,
				CD10316221AE46820017440A /* UINavigationController+Autorotate.m in Sources */,
				CD13631E21B2673500754B0E /* HomeFormView.m in Sources */,
				CD10316821AE487F0017440A /* BaseNaviVC.m in Sources */,
				CD12CEE321AD7EA600EFFC56 /* BaseVC.m in Sources */,
				CD13638821B2D79A00754B0E /* AddressBookUtils.m in Sources */,
				CD12CED821AD6B5000EFFC56 /* JHGridView.m in Sources */,
				CD1031F321AEB6EA0017440A /* MBProgressHUD+PD.m in Sources */,
				CD13638421B2B89100754B0E /* HomeVC.m in Sources */,
				CD10320321AEC8880017440A /* UIViewController+HCCategory.m in Sources */,
				CD12CEA521AD65A300EFFC56 /* AppDelegate.m in Sources */,
				CD10319D21AE67D30017440A /* DemoVC.m in Sources */,
				CD10320421AEC8880017440A /* NSObject+HCCategory.m in Sources */,
				CD10318921AE65500017440A /* CourseVC.m in Sources */,
				CD10319A21AE66370017440A /* mineVC.m in Sources */,
			);
			runOnlyForDeploymentPostprocessing = 0;
		};
		CD12CEB421AD65A900EFFC56 /* Sources */ = {
			isa = PBXSourcesBuildPhase;
			buildActionMask = 2147483647;
			files = (
				CD12CEBD21AD65A900EFFC56 /* xiaoZhangTests.m in Sources */,
			);
			runOnlyForDeploymentPostprocessing = 0;
		};
		CD12CEBF21AD65AA00EFFC56 /* Sources */ = {
			isa = PBXSourcesBuildPhase;
			buildActionMask = 2147483647;
			files = (
				CD12CEC821AD65AA00EFFC56 /* xiaoZhangUITests.m in Sources */,
			);
			runOnlyForDeploymentPostprocessing = 0;
		};
/* End PBXSourcesBuildPhase section */

/* Begin PBXTargetDependency section */
		CD12CEBA21AD65A900EFFC56 /* PBXTargetDependency */ = {
			isa = PBXTargetDependency;
			target = CD12CE9F21AD65A300EFFC56 /* xiaoZhang */;
			targetProxy = CD12CEB921AD65A900EFFC56 /* PBXContainerItemProxy */;
		};
		CD12CEC521AD65AA00EFFC56 /* PBXTargetDependency */ = {
			isa = PBXTargetDependency;
			target = CD12CE9F21AD65A300EFFC56 /* xiaoZhang */;
			targetProxy = CD12CEC421AD65AA00EFFC56 /* PBXContainerItemProxy */;
		};
/* End PBXTargetDependency section */

/* Begin PBXVariantGroup section */
		CD12CEA921AD65A300EFFC56 /* Main.storyboard */ = {
			isa = PBXVariantGroup;
			children = (
				CD12CEAA21AD65A300EFFC56 /* Base */,
			);
			name = Main.storyboard;
			sourceTree = "<group>";
		};
		CD12CEAE21AD65A900EFFC56 /* LaunchScreen.storyboard */ = {
			isa = PBXVariantGroup;
			children = (
				CD12CEAF21AD65A900EFFC56 /* Base */,
			);
			name = LaunchScreen.storyboard;
			sourceTree = "<group>";
		};
/* End PBXVariantGroup section */

/* Begin XCBuildConfiguration section */
		CD12CECA21AD65AA00EFFC56 /* Debug */ = {
			isa = XCBuildConfiguration;
			buildSettings = {
				ALWAYS_SEARCH_USER_PATHS = NO;
				CLANG_ANALYZER_NONNULL = YES;
				CLANG_ANALYZER_NUMBER_OBJECT_CONVERSION = YES_AGGRESSIVE;
				CLANG_CXX_LANGUAGE_STANDARD = "gnu++14";
				CLANG_CXX_LIBRARY = "libc++";
				CLANG_ENABLE_MODULES = YES;
				CLANG_ENABLE_OBJC_ARC = YES;
				CLANG_ENABLE_OBJC_WEAK = YES;
				CLANG_WARN_BLOCK_CAPTURE_AUTORELEASING = YES;
				CLANG_WARN_BOOL_CONVERSION = YES;
				CLANG_WARN_COMMA = YES;
				CLANG_WARN_CONSTANT_CONVERSION = YES;
				CLANG_WARN_DEPRECATED_OBJC_IMPLEMENTATIONS = YES;
				CLANG_WARN_DIRECT_OBJC_ISA_USAGE = YES_ERROR;
				CLANG_WARN_DOCUMENTATION_COMMENTS = YES;
				CLANG_WARN_EMPTY_BODY = YES;
				CLANG_WARN_ENUM_CONVERSION = YES;
				CLANG_WARN_INFINITE_RECURSION = YES;
				CLANG_WARN_INT_CONVERSION = YES;
				CLANG_WARN_NON_LITERAL_NULL_CONVERSION = YES;
				CLANG_WARN_OBJC_IMPLICIT_RETAIN_SELF = YES;
				CLANG_WARN_OBJC_LITERAL_CONVERSION = YES;
				CLANG_WARN_OBJC_ROOT_CLASS = YES_ERROR;
				CLANG_WARN_RANGE_LOOP_ANALYSIS = YES;
				CLANG_WARN_STRICT_PROTOTYPES = YES;
				CLANG_WARN_SUSPICIOUS_MOVE = YES;
				CLANG_WARN_UNGUARDED_AVAILABILITY = YES_AGGRESSIVE;
				CLANG_WARN_UNREACHABLE_CODE = YES;
				CLANG_WARN__DUPLICATE_METHOD_MATCH = YES;
				CODE_SIGN_IDENTITY = "iPhone Developer";
				COPY_PHASE_STRIP = NO;
				DEBUG_INFORMATION_FORMAT = dwarf;
				ENABLE_STRICT_OBJC_MSGSEND = YES;
				ENABLE_TESTABILITY = YES;
				GCC_C_LANGUAGE_STANDARD = gnu11;
				GCC_DYNAMIC_NO_PIC = NO;
				GCC_NO_COMMON_BLOCKS = YES;
				GCC_OPTIMIZATION_LEVEL = 0;
				GCC_PREPROCESSOR_DEFINITIONS = (
					"DEBUG=1",
					"$(inherited)",
				);
				GCC_WARN_64_TO_32_BIT_CONVERSION = YES;
				GCC_WARN_ABOUT_RETURN_TYPE = YES_ERROR;
				GCC_WARN_UNDECLARED_SELECTOR = YES;
				GCC_WARN_UNINITIALIZED_AUTOS = YES_AGGRESSIVE;
				GCC_WARN_UNUSED_FUNCTION = YES;
				GCC_WARN_UNUSED_VARIABLE = YES;
				IPHONEOS_DEPLOYMENT_TARGET = 12.1;
				MTL_ENABLE_DEBUG_INFO = INCLUDE_SOURCE;
				MTL_FAST_MATH = YES;
				ONLY_ACTIVE_ARCH = YES;
				SDKROOT = iphoneos;
			};
			name = Debug;
		};
		CD12CECB21AD65AA00EFFC56 /* Release */ = {
			isa = XCBuildConfiguration;
			buildSettings = {
				ALWAYS_SEARCH_USER_PATHS = NO;
				CLANG_ANALYZER_NONNULL = YES;
				CLANG_ANALYZER_NUMBER_OBJECT_CONVERSION = YES_AGGRESSIVE;
				CLANG_CXX_LANGUAGE_STANDARD = "gnu++14";
				CLANG_CXX_LIBRARY = "libc++";
				CLANG_ENABLE_MODULES = YES;
				CLANG_ENABLE_OBJC_ARC = YES;
				CLANG_ENABLE_OBJC_WEAK = YES;
				CLANG_WARN_BLOCK_CAPTURE_AUTORELEASING = YES;
				CLANG_WARN_BOOL_CONVERSION = YES;
				CLANG_WARN_COMMA = YES;
				CLANG_WARN_CONSTANT_CONVERSION = YES;
				CLANG_WARN_DEPRECATED_OBJC_IMPLEMENTATIONS = YES;
				CLANG_WARN_DIRECT_OBJC_ISA_USAGE = YES_ERROR;
				CLANG_WARN_DOCUMENTATION_COMMENTS = YES;
				CLANG_WARN_EMPTY_BODY = YES;
				CLANG_WARN_ENUM_CONVERSION = YES;
				CLANG_WARN_INFINITE_RECURSION = YES;
				CLANG_WARN_INT_CONVERSION = YES;
				CLANG_WARN_NON_LITERAL_NULL_CONVERSION = YES;
				CLANG_WARN_OBJC_IMPLICIT_RETAIN_SELF = YES;
				CLANG_WARN_OBJC_LITERAL_CONVERSION = YES;
				CLANG_WARN_OBJC_ROOT_CLASS = YES_ERROR;
				CLANG_WARN_RANGE_LOOP_ANALYSIS = YES;
				CLANG_WARN_STRICT_PROTOTYPES = YES;
				CLANG_WARN_SUSPICIOUS_MOVE = YES;
				CLANG_WARN_UNGUARDED_AVAILABILITY = YES_AGGRESSIVE;
				CLANG_WARN_UNREACHABLE_CODE = YES;
				CLANG_WARN__DUPLICATE_METHOD_MATCH = YES;
				CODE_SIGN_IDENTITY = "iPhone Developer";
				COPY_PHASE_STRIP = NO;
				DEBUG_INFORMATION_FORMAT = "dwarf-with-dsym";
				ENABLE_NS_ASSERTIONS = NO;
				ENABLE_STRICT_OBJC_MSGSEND = YES;
				GCC_C_LANGUAGE_STANDARD = gnu11;
				GCC_NO_COMMON_BLOCKS = YES;
				GCC_WARN_64_TO_32_BIT_CONVERSION = YES;
				GCC_WARN_ABOUT_RETURN_TYPE = YES_ERROR;
				GCC_WARN_UNDECLARED_SELECTOR = YES;
				GCC_WARN_UNINITIALIZED_AUTOS = YES_AGGRESSIVE;
				GCC_WARN_UNUSED_FUNCTION = YES;
				GCC_WARN_UNUSED_VARIABLE = YES;
				IPHONEOS_DEPLOYMENT_TARGET = 12.1;
				MTL_ENABLE_DEBUG_INFO = NO;
				MTL_FAST_MATH = YES;
				SDKROOT = iphoneos;
				VALIDATE_PRODUCT = YES;
			};
			name = Release;
		};
		CD12CECD21AD65AA00EFFC56 /* Debug */ = {
			isa = XCBuildConfiguration;
			baseConfigurationReference = 9851A7A6BF6236B94E51B883 /* Pods-xiaoZhang.debug.xcconfig */;
			buildSettings = {
				ASSETCATALOG_COMPILER_APPICON_NAME = AppIcon;
				ASSETCATALOG_COMPILER_LAUNCHIMAGE_NAME = LaunchImage;
				CODE_SIGN_STYLE = Automatic;
				GCC_PRECOMPILE_PREFIX_HEADER = YES;
				GCC_PREFIX_HEADER = "$(SRCROOT)/configuration/PrefixHeader.pch";
				INFOPLIST_FILE = "$(SRCROOT)/configuration/Info.plist";
				LD_RUNPATH_SEARCH_PATHS = (
					"$(inherited)",
					"@executable_path/Frameworks",
				);
				PRODUCT_BUNDLE_IDENTIFIER = demo.xiaoZhang;
				PRODUCT_NAME = "$(TARGET_NAME)";
				TARGETED_DEVICE_FAMILY = "1,2";
			};
			name = Debug;
		};
		CD12CECE21AD65AA00EFFC56 /* Release */ = {
			isa = XCBuildConfiguration;
			baseConfigurationReference = E9DBF2627960920BBC44DAB3 /* Pods-xiaoZhang.release.xcconfig */;
			buildSettings = {
				ASSETCATALOG_COMPILER_APPICON_NAME = AppIcon;
				ASSETCATALOG_COMPILER_LAUNCHIMAGE_NAME = LaunchImage;
				CODE_SIGN_STYLE = Automatic;
				GCC_PRECOMPILE_PREFIX_HEADER = YES;
				GCC_PREFIX_HEADER = "$(SRCROOT)/configuration/PrefixHeader.pch";
				INFOPLIST_FILE = "$(SRCROOT)/configuration/Info.plist";
				LD_RUNPATH_SEARCH_PATHS = (
					"$(inherited)",
					"@executable_path/Frameworks",
				);
				PRODUCT_BUNDLE_IDENTIFIER = demo.xiaoZhang;
				PRODUCT_NAME = "$(TARGET_NAME)";
				TARGETED_DEVICE_FAMILY = "1,2";
			};
			name = Release;
		};
		CD12CED021AD65AA00EFFC56 /* Debug */ = {
			isa = XCBuildConfiguration;
			buildSettings = {
				BUNDLE_LOADER = "$(TEST_HOST)";
				CODE_SIGN_STYLE = Automatic;
				INFOPLIST_FILE = xiaoZhangTests/Info.plist;
				LD_RUNPATH_SEARCH_PATHS = (
					"$(inherited)",
					"@executable_path/Frameworks",
					"@loader_path/Frameworks",
				);
				PRODUCT_BUNDLE_IDENTIFIER = demo.xiaoZhangTests;
				PRODUCT_NAME = "$(TARGET_NAME)";
				TARGETED_DEVICE_FAMILY = "1,2";
				TEST_HOST = "$(BUILT_PRODUCTS_DIR)/xiaoZhang.app/xiaoZhang";
			};
			name = Debug;
		};
		CD12CED121AD65AA00EFFC56 /* Release */ = {
			isa = XCBuildConfiguration;
			buildSettings = {
				BUNDLE_LOADER = "$(TEST_HOST)";
				CODE_SIGN_STYLE = Automatic;
				INFOPLIST_FILE = xiaoZhangTests/Info.plist;
				LD_RUNPATH_SEARCH_PATHS = (
					"$(inherited)",
					"@executable_path/Frameworks",
					"@loader_path/Frameworks",
				);
				PRODUCT_BUNDLE_IDENTIFIER = demo.xiaoZhangTests;
				PRODUCT_NAME = "$(TARGET_NAME)";
				TARGETED_DEVICE_FAMILY = "1,2";
				TEST_HOST = "$(BUILT_PRODUCTS_DIR)/xiaoZhang.app/xiaoZhang";
			};
			name = Release;
		};
		CD12CED321AD65AA00EFFC56 /* Debug */ = {
			isa = XCBuildConfiguration;
			buildSettings = {
				CODE_SIGN_STYLE = Automatic;
				INFOPLIST_FILE = xiaoZhangUITests/Info.plist;
				LD_RUNPATH_SEARCH_PATHS = (
					"$(inherited)",
					"@executable_path/Frameworks",
					"@loader_path/Frameworks",
				);
				PRODUCT_BUNDLE_IDENTIFIER = demo.xiaoZhangUITests;
				PRODUCT_NAME = "$(TARGET_NAME)";
				TARGETED_DEVICE_FAMILY = "1,2";
				TEST_TARGET_NAME = xiaoZhang;
			};
			name = Debug;
		};
		CD12CED421AD65AA00EFFC56 /* Release */ = {
			isa = XCBuildConfiguration;
			buildSettings = {
				CODE_SIGN_STYLE = Automatic;
				INFOPLIST_FILE = xiaoZhangUITests/Info.plist;
				LD_RUNPATH_SEARCH_PATHS = (
					"$(inherited)",
					"@executable_path/Frameworks",
					"@loader_path/Frameworks",
				);
				PRODUCT_BUNDLE_IDENTIFIER = demo.xiaoZhangUITests;
				PRODUCT_NAME = "$(TARGET_NAME)";
				TARGETED_DEVICE_FAMILY = "1,2";
				TEST_TARGET_NAME = xiaoZhang;
			};
			name = Release;
		};
/* End XCBuildConfiguration section */

/* Begin XCConfigurationList section */
		CD12CE9B21AD65A300EFFC56 /* Build configuration list for PBXProject "xiaoZhang" */ = {
			isa = XCConfigurationList;
			buildConfigurations = (
				CD12CECA21AD65AA00EFFC56 /* Debug */,
				CD12CECB21AD65AA00EFFC56 /* Release */,
			);
			defaultConfigurationIsVisible = 0;
			defaultConfigurationName = Release;
		};
		CD12CECC21AD65AA00EFFC56 /* Build configuration list for PBXNativeTarget "xiaoZhang" */ = {
			isa = XCConfigurationList;
			buildConfigurations = (
				CD12CECD21AD65AA00EFFC56 /* Debug */,
				CD12CECE21AD65AA00EFFC56 /* Release */,
			);
			defaultConfigurationIsVisible = 0;
			defaultConfigurationName = Release;
		};
		CD12CECF21AD65AA00EFFC56 /* Build configuration list for PBXNativeTarget "xiaoZhangTests" */ = {
			isa = XCConfigurationList;
			buildConfigurations = (
				CD12CED021AD65AA00EFFC56 /* Debug */,
				CD12CED121AD65AA00EFFC56 /* Release */,
			);
			defaultConfigurationIsVisible = 0;
			defaultConfigurationName = Release;
		};
		CD12CED221AD65AA00EFFC56 /* Build configuration list for PBXNativeTarget "xiaoZhangUITests" */ = {
			isa = XCConfigurationList;
			buildConfigurations = (
				CD12CED321AD65AA00EFFC56 /* Debug */,
				CD12CED421AD65AA00EFFC56 /* Release */,
			);
			defaultConfigurationIsVisible = 0;
			defaultConfigurationName = Release;
		};
/* End XCConfigurationList section */
	};
	rootObject = CD12CE9821AD65A300EFFC56 /* Project object */;
}
